# Generated by pub
# See https://dart.dev/tools/pub/glossary#lockfile
packages:
  args:
    dependency: transitive
    description:
      name: args
      sha256: d0481093c50b1da8910eb0bb301626d4d8eb7284aa739614d2b394ee09e3ea04
      url: "https://pub.dev"
    source: hosted
    version: "2.7.0"
  async:
    dependency: transitive
    description:
      name: async
      sha256: "947bfcf187f74dbc5e146c9eb9c0f10c9f8b30743e341481c1e2ed3ecc18c20c"
      url: "https://pub.dev"
    source: hosted
    version: "2.11.0"
  bloc:
    dependency: transitive
    description:
      name: bloc
      sha256: "106842ad6569f0b60297619e9e0b1885c2fb9bf84812935490e6c5275777804e"
      url: "https://pub.dev"
    source: hosted
    version: "8.1.4"
  characters:
    dependency: transitive
    description:
      name: characters
      sha256: "04a925763edad70e8443c99234dc3328f442e811f1d8fd1a72f1c8ad0f69a605"
      url: "https://pub.dev"
    source: hosted
    version: "1.3.0"
  clock:
    dependency: transitive
    description:
      name: clock
      sha256: cb6d7f03e1de671e34607e909a7213e31d7752be4fb66a86d29fe1eb14bfb5cf
      url: "https://pub.dev"
    source: hosted
    version: "1.1.1"
  collection:
    dependency: transitive
    description:
      name: collection
      sha256: ee67cb0715911d28db6bf4af1026078bd6f0128b07a5f66fb2ed94ec6783c09a
      url: "https://pub.dev"
    source: hosted
    version: "1.18.0"
  dbus:
    dependency: transitive
    description:
      name: dbus
      sha256: "79e0c23480ff85dc68de79e2cd6334add97e48f7f4865d17686dd6ea81a47e8c"
      url: "https://pub.dev"
    source: hosted
    version: "0.7.11"
  ffi:
    dependency: transitive
    description:
      name: ffi
      sha256: "16ed7b077ef01ad6170a3d0c57caa4a112a38d7a2ed5602e0aca9ca6f3d98da6"
      url: "https://pub.dev"
    source: hosted
    version: "2.1.3"
  flutter:
    dependency: "direct main"
    description: flutter
    source: sdk
    version: "0.0.0"
  flutter_bloc:
    dependency: "direct main"
    description:
      name: flutter_bloc
      sha256: b594505eac31a0518bdcb4b5b79573b8d9117b193cc80cc12e17d639b10aa27a
      url: "https://pub.dev"
    source: hosted
    version: "8.1.6"
  flutter_lints:
    dependency: "direct dev"
    description:
      name: flutter_lints
      sha256: "9e8c3858111da373efc5aa341de011d9bd23e2c5c5e0c62bccf32438e192d7b1"
      url: "https://pub.dev"
    source: hosted
    version: "3.0.2"
  flutter_local_notifications:
    dependency: "direct main"
    description:
      name: flutter_local_notifications
      sha256: ef41ae901e7529e52934feba19ed82827b11baa67336829564aeab3129460610
      url: "https://pub.dev"
    source: hosted
    version: "18.0.1"
  flutter_local_notifications_linux:
    dependency: transitive
    description:
      name: flutter_local_notifications_linux
      sha256: "8f685642876742c941b29c32030f6f4f6dacd0e4eaecb3efbb187d6a3812ca01"
      url: "https://pub.dev"
    source: hosted
    version: "5.0.0"
  flutter_local_notifications_platform_interface:
    dependency: transitive
    description:
      name: flutter_local_notifications_platform_interface
      sha256: "6c5b83c86bf819cdb177a9247a3722067dd8cc6313827ce7c77a4b238a26fd52"
      url: "https://pub.dev"
    source: hosted
    version: "8.0.0"
  flutter_timezone:
    dependency: "direct main"
    description:
      name: flutter_timezone
      sha256: "06b35132c98fa188db3c4b654b7e1af7ccd01dfe12a004d58be423357605fb24"
      url: "https://pub.dev"
    source: hosted
    version: "1.0.8"
  flutter_web_plugins:
    dependency: transitive
    description: flutter
    source: sdk
    version: "0.0.0"
  http:
    dependency: transitive
    description:
      name: http
      sha256: b9c29a161230ee03d3ccf545097fccd9b87a5264228c5d348202e0f0c28f9010
      url: "https://pub.dev"
    source: hosted
    version: "1.2.2"
  http_parser:
    dependency: transitive
    description:
      name: http_parser
      sha256: "2aa08ce0341cc9b354a498388e30986515406668dbcc4f7c950c3e715496693b"
      url: "https://pub.dev"
    source: hosted
    version: "4.0.2"
  js:
    dependency: transitive
    description:
      name: js
      sha256: c1b2e9b5ea78c45e1a0788d29606ba27dc5f71f019f32ca5140f61ef071838cf
      url: "https://pub.dev"
    source: hosted
    version: "0.7.1"
  lints:
    dependency: transitive
    description:
      name: lints
      sha256: cbf8d4b858bb0134ef3ef87841abdf8d63bfc255c266b7bf6b39daa1085c4290
      url: "https://pub.dev"
    source: hosted
    version: "3.0.0"
  material_color_utilities:
    dependency: transitive
    description:
      name: material_color_utilities
      sha256: "0e0a020085b65b6083975e499759762399b4475f766c21668c4ecca34ea74e5a"
      url: "https://pub.dev"
    source: hosted
    version: "0.8.0"
  meta:
    dependency: transitive
    description:
      name: meta
      sha256: d584fa6707a52763a52446f02cc621b077888fb63b93bbcb1143a7be5a0c0c04
      url: "https://pub.dev"
    source: hosted
    version: "1.11.0"
  mock_data:
    dependency: "direct main"
    description:
      name: mock_data
      sha256: "7b6de66790583ac7373ae9c05d2184b45d51f6d1a2a4fe9491a18b24cb455689"
      url: "https://pub.dev"
    source: hosted
    version: "2.0.1"
  nested:
    dependency: transitive
    description:
      name: nested
      sha256: "03bac4c528c64c95c722ec99280375a6f2fc708eec17c7b3f07253b626cd2a20"
      url: "https://pub.dev"
    source: hosted
    version: "1.0.0"
  path:
    dependency: transitive
    description:
      name: path
      sha256: "087ce49c3f0dc39180befefc60fdb4acd8f8620e5682fe2476afd0b3688bb4af"
      url: "https://pub.dev"
    source: hosted
    version: "1.9.0"
  petitparser:
    dependency: transitive
    description:
      name: petitparser
      sha256: c15605cd28af66339f8eb6fbe0e541bfe2d1b72d5825efc6598f3e0a31b9ad27
      url: "https://pub.dev"
    source: hosted
    version: "6.0.2"
  plugin_platform_interface:
    dependency: transitive
    description:
      name: plugin_platform_interface
      sha256: "4820fbfdb9478b1ebae27888254d445073732dae3d6ea81f0b7e06d5dedc3f02"
      url: "https://pub.dev"
    source: hosted
    version: "2.1.8"
  provider:
    dependency: transitive
    description:
      name: provider
      sha256: "4abbd070a04e9ddc287673bf5a030c7ca8b685ff70218720abab8b092f53dd84"
      url: "https://pub.dev"
    source: hosted
    version: "6.1.5"
  saut_enma_bloc:
    dependency: "direct main"
    description:
      path: "../.."
      relative: true
    source: path
    version: "0.15.2"
  sky_engine:
    dependency: transitive
    description: flutter
    source: sdk
    version: "0.0.99"
  source_span:
    dependency: transitive
    description:
      name: source_span
      sha256: "254ee5351d6cb365c859e20ee823c3bb479bf4a293c22d17a9f1bf144ce86f7c"
      url: "https://pub.dev"
    source: hosted
    version: "1.10.1"
  string_scanner:
    dependency: transitive
    description:
      name: string_scanner
      sha256: "921cd31725b72fe181906c6a94d987c78e3b98c2e205b397ea399d4054872b43"
      url: "https://pub.dev"
    source: hosted
    version: "1.4.1"
  term_glyph:
    dependency: transitive
    description:
      name: term_glyph
      sha256: "7f554798625ea768a7518313e58f83891c7f5024f88e46e7182a4558850a4b8e"
      url: "https://pub.dev"
    source: hosted
    version: "1.2.2"
  timezone:
    dependency: transitive
    description:
      name: timezone
      sha256: dd14a3b83cfd7cb19e7888f1cbc20f258b8d71b54c06f79ac585f14093a287d1
      url: "https://pub.dev"
    source: hosted
    version: "0.10.1"
  typed_data:
    dependency: transitive
    description:
      name: typed_data
      sha256: facc8d6582f16042dd49f2463ff1bd6e2c9ef9f3d5da3d9b087e244a7b564b3c
      url: "https://pub.dev"
    source: hosted
    version: "1.3.2"
  vector_math:
    dependency: transitive
    description:
      name: vector_math
      sha256: "80b3257d1492ce4d091729e3a67a60407d227c27241d6927be0130c98e741803"
      url: "https://pub.dev"
    source: hosted
    version: "2.1.4"
  web:
    dependency: transitive
    description:
      name: web
      sha256: "97da13628db363c635202ad97068d47c5b8aa555808e7a9411963c533b449b27"
      url: "https://pub.dev"
    source: hosted
    version: "0.5.1"
  xdg_directories:
    dependency: transitive
    description:
      name: xdg_directories
      sha256: "7a3f37b05d989967cdddcbb571f1ea834867ae2faa29725fd085180e0883aa15"
      url: "https://pub.dev"
    source: hosted
    version: "1.1.0"
  xml:
    dependency: transitive
    description:
      name: xml
      sha256: b015a8ad1c488f66851d762d3090a21c600e479dc75e68328c52774040cf9226
      url: "https://pub.dev"
    source: hosted
    version: "6.5.0"
sdks:
  dart: ">=3.3.4 <4.0.0"
  flutter: ">=3.19.0"
